# Code generated by scarb DO NOT EDIT.
version = 1

[[package]]
name = "snforge_scarb_plugin"
version = "0.58.0"
source = "registry+https://scarbs.xyz/"
checksum = "sha256:d0812b17e87aa03218c483074fe5a6f7f802eff070a732d3e381f3f8142ea938"

[[package]]
name = "snforge_std"
version = "0.58.0"
source = "registry+https://scarbs.xyz/"
checksum = "sha256:6fcc515945a84392c947a76f913dbc62ffecf659d69c81d42db5f1fc3ce4ea4b"
dependencies = [
 "snforge_scarb_plugin",
]

[[package]]
name = "zus_protocol_starknet"
version = "0.1.0"
dependencies = [
 "snforge_std",
]
